// !$*UTF8*$!
{
	archiveVersion = 1;
	classes = {
	};
	objectVersion = 50;
	objects = {

/* Begin PBXBuildFile section */
		EF508CA523059D4800A7000D /* AppDelegate.swift in Sources */ = {isa = PBXBuildFile; fileRef = EF508CA423059D4800A7000D /* AppDelegate.swift */; };
		EF508CA723059D4800A7000D /* CurrencyListViewController.swift in Sources */ = {isa = PBXBuildFile; fileRef = EF508CA623059D4800A7000D /* CurrencyListViewController.swift */; };
		EF508CAA23059D4800A7000D /* Main.storyboard in Resources */ = {isa = PBXBuildFile; fileRef = EF508CA823059D4800A7000D /* Main.storyboard */; };
		EF508CAC23059D4A00A7000D /* Assets.xcassets in Resources */ = {isa = PBXBuildFile; fileRef = EF508CAB23059D4A00A7000D /* Assets.xcassets */; };
		EF508CAF23059D4A00A7000D /* LaunchScreen.storyboard in Resources */ = {isa = PBXBuildFile; fileRef = EF508CAD23059D4A00A7000D /* LaunchScreen.storyboard */; };
		EF508CBA23059D4A00A7000D /* TetCurrencyExchangeTests.swift in Sources */ = {isa = PBXBuildFile; fileRef = EF508CB923059D4A00A7000D /* TetCurrencyExchangeTests.swift */; };
		EF508CC523059D4A00A7000D /* TetCurrencyExchangeUITests.swift in Sources */ = {isa = PBXBuildFile; fileRef = EF508CC423059D4A00A7000D /* TetCurrencyExchangeUITests.swift */; };
		EF508CD62305A0F100A7000D /* CurrencyListViewPresenter.swift in Sources */ = {isa = PBXBuildFile; fileRef = EF508CD52305A0F100A7000D /* CurrencyListViewPresenter.swift */; };
		EF508CDA2305A64700A7000D /* CurrencyListInteractor.swift in Sources */ = {isa = PBXBuildFile; fileRef = EF508CD92305A64700A7000D /* CurrencyListInteractor.swift */; };
		EF508CDC2305EC6E00A7000D /* CurrencyRatesEntity.swift in Sources */ = {isa = PBXBuildFile; fileRef = EF508CDB2305EC6E00A7000D /* CurrencyRatesEntity.swift */; };
		EF508CE22305F0B700A7000D /* CurrencyRatesEntityTest.swift in Sources */ = {isa = PBXBuildFile; fileRef = EF508CE12305F0B700A7000D /* CurrencyRatesEntityTest.swift */; };
		EF508CE42305F40100A7000D /* NetworkManager.swift in Sources */ = {isa = PBXBuildFile; fileRef = EF508CE32305F40100A7000D /* NetworkManager.swift */; };
		EF508CE62306011F00A7000D /* ErrorEntity.swift in Sources */ = {isa = PBXBuildFile; fileRef = EF508CE52306011F00A7000D /* ErrorEntity.swift */; };
		EF508CE823060DAD00A7000D /* ErrorEntityTest.swift in Sources */ = {isa = PBXBuildFile; fileRef = EF508CE723060DAD00A7000D /* ErrorEntityTest.swift */; };
		EF508CEA23060FBB00A7000D /* NetworkManagerTest.swift in Sources */ = {isa = PBXBuildFile; fileRef = EF508CE923060FBB00A7000D /* NetworkManagerTest.swift */; };
		EF508CEE2306115700A7000D /* FakeJson.json in Resources */ = {isa = PBXBuildFile; fileRef = EF508CEC2306115700A7000D /* FakeJson.json */; };
		EF508CEF2306115700A7000D /* FakeInvalidJson.json in Resources */ = {isa = PBXBuildFile; fileRef = EF508CED2306115700A7000D /* FakeInvalidJson.json */; };
		EF5F8FA6230B3C8600AA913E /* CurrencyListInteractorTest.swift in Sources */ = {isa = PBXBuildFile; fileRef = EF5F8FA5230B3C8600AA913E /* CurrencyListInteractorTest.swift */; };
		EF5F8FA8230BBAA700AA913E /* OfflineDataManager.swift in Sources */ = {isa = PBXBuildFile; fileRef = EF5F8FA7230BBAA700AA913E /* OfflineDataManager.swift */; };
		EF5F8FA9230BBAA700AA913E /* OfflineDataManager.swift in Sources */ = {isa = PBXBuildFile; fileRef = EF5F8FA7230BBAA700AA913E /* OfflineDataManager.swift */; };
		EF5F8FAA230BBAA700AA913E /* OfflineDataManager.swift in Sources */ = {isa = PBXBuildFile; fileRef = EF5F8FA7230BBAA700AA913E /* OfflineDataManager.swift */; };
		EF5F8FB0230C7EBE00AA913E /* CurrencyListPresenterTests.swift in Sources */ = {isa = PBXBuildFile; fileRef = EF5F8FAF230C7EBE00AA913E /* CurrencyListPresenterTests.swift */; };
		EF5F8FB4230C956E00AA913E /* ErrorExtension.swift in Sources */ = {isa = PBXBuildFile; fileRef = EF5F8FB3230C956E00AA913E /* ErrorExtension.swift */; };
		EF5F8FB5230C956E00AA913E /* ErrorExtension.swift in Sources */ = {isa = PBXBuildFile; fileRef = EF5F8FB3230C956E00AA913E /* ErrorExtension.swift */; };
		EF5F8FB6230C956E00AA913E /* ErrorExtension.swift in Sources */ = {isa = PBXBuildFile; fileRef = EF5F8FB3230C956E00AA913E /* ErrorExtension.swift */; };
		EF5F8FBA230C9B8300AA913E /* CurrencyListTableViewCell.swift in Sources */ = {isa = PBXBuildFile; fileRef = EF5F8FB8230C9B8300AA913E /* CurrencyListTableViewCell.swift */; };
		EF5F8FBB230C9B8300AA913E /* CurrencyListTableViewCell.swift in Sources */ = {isa = PBXBuildFile; fileRef = EF5F8FB8230C9B8300AA913E /* CurrencyListTableViewCell.swift */; };
		EF5F8FBC230C9B8300AA913E /* CurrencyListTableViewCell.swift in Sources */ = {isa = PBXBuildFile; fileRef = EF5F8FB8230C9B8300AA913E /* CurrencyListTableViewCell.swift */; };
		EF5F8FBD230C9B8300AA913E /* CurrencyListTableViewCell.xib in Resources */ = {isa = PBXBuildFile; fileRef = EF5F8FB9230C9B8300AA913E /* CurrencyListTableViewCell.xib */; };
		EF5F8FC0230CA09F00AA913E /* CurrencyListTableViewCell.xib in Resources */ = {isa = PBXBuildFile; fileRef = EF5F8FB9230C9B8300AA913E /* CurrencyListTableViewCell.xib */; };
		EF5F8FC1230CA09F00AA913E /* CurrencyListTableViewCell.xib in Resources */ = {isa = PBXBuildFile; fileRef = EF5F8FB9230C9B8300AA913E /* CurrencyListTableViewCell.xib */; };
		EF5F8FC3230D0FCC00AA913E /* UIApplicationExtension.swift in Sources */ = {isa = PBXBuildFile; fileRef = EF5F8FC2230D0FCB00AA913E /* UIApplicationExtension.swift */; };
		EF5F8FC4230D0FCC00AA913E /* UIApplicationExtension.swift in Sources */ = {isa = PBXBuildFile; fileRef = EF5F8FC2230D0FCB00AA913E /* UIApplicationExtension.swift */; };
		EF5F8FC5230D0FCC00AA913E /* UIApplicationExtension.swift in Sources */ = {isa = PBXBuildFile; fileRef = EF5F8FC2230D0FCB00AA913E /* UIApplicationExtension.swift */; };
		EF5F8FC7230D10BF00AA913E /* UIColor+TetColours.swift in Sources */ = {isa = PBXBuildFile; fileRef = EF5F8FC6230D10BF00AA913E /* UIColor+TetColours.swift */; };
		EF5F8FC8230D10BF00AA913E /* UIColor+TetColours.swift in Sources */ = {isa = PBXBuildFile; fileRef = EF5F8FC6230D10BF00AA913E /* UIColor+TetColours.swift */; };
		EF5F8FC9230D10BF00AA913E /* UIColor+TetColours.swift in Sources */ = {isa = PBXBuildFile; fileRef = EF5F8FC6230D10BF00AA913E /* UIColor+TetColours.swift */; };
		EF6636CD230DA407002D60C6 /* CellBackgroundView.swift in Sources */ = {isa = PBXBuildFile; fileRef = EF6636CC230DA407002D60C6 /* CellBackgroundView.swift */; };
		EF6636CE230DA407002D60C6 /* CellBackgroundView.swift in Sources */ = {isa = PBXBuildFile; fileRef = EF6636CC230DA407002D60C6 /* CellBackgroundView.swift */; };
		EF6636CF230DA407002D60C6 /* CellBackgroundView.swift in Sources */ = {isa = PBXBuildFile; fileRef = EF6636CC230DA407002D60C6 /* CellBackgroundView.swift */; };
		EFC94C082306DAA0006D5191 /* NetworkManager.swift in Sources */ = {isa = PBXBuildFile; fileRef = EF508CE32305F40100A7000D /* NetworkManager.swift */; };
		EFC94C092306DAA1006D5191 /* NetworkManager.swift in Sources */ = {isa = PBXBuildFile; fileRef = EF508CE32305F40100A7000D /* NetworkManager.swift */; };
		EFC94C0A2306DAA7006D5191 /* ErrorEntity.swift in Sources */ = {isa = PBXBuildFile; fileRef = EF508CE52306011F00A7000D /* ErrorEntity.swift */; };
		EFC94C0B2306DAA7006D5191 /* ErrorEntity.swift in Sources */ = {isa = PBXBuildFile; fileRef = EF508CE52306011F00A7000D /* ErrorEntity.swift */; };
		EFC94C0C2306DAAA006D5191 /* CurrencyRatesEntity.swift in Sources */ = {isa = PBXBuildFile; fileRef = EF508CDB2305EC6E00A7000D /* CurrencyRatesEntity.swift */; };
		EFC94C0D2306DAAB006D5191 /* CurrencyRatesEntity.swift in Sources */ = {isa = PBXBuildFile; fileRef = EF508CDB2305EC6E00A7000D /* CurrencyRatesEntity.swift */; };
		EFC94C0E2306DAAE006D5191 /* CurrencyListInteractor.swift in Sources */ = {isa = PBXBuildFile; fileRef = EF508CD92305A64700A7000D /* CurrencyListInteractor.swift */; };
		EFC94C0F2306DAAF006D5191 /* CurrencyListInteractor.swift in Sources */ = {isa = PBXBuildFile; fileRef = EF508CD92305A64700A7000D /* CurrencyListInteractor.swift */; };
		EFC94C102306DAB2006D5191 /* CurrencyListViewPresenter.swift in Sources */ = {isa = PBXBuildFile; fileRef = EF508CD52305A0F100A7000D /* CurrencyListViewPresenter.swift */; };
		EFC94C112306DAB3006D5191 /* CurrencyListViewPresenter.swift in Sources */ = {isa = PBXBuildFile; fileRef = EF508CD52305A0F100A7000D /* CurrencyListViewPresenter.swift */; };
		EFC94C122306DAB6006D5191 /* CurrencyListViewController.swift in Sources */ = {isa = PBXBuildFile; fileRef = EF508CA623059D4800A7000D /* CurrencyListViewController.swift */; };
		EFC94C132306DAB6006D5191 /* CurrencyListViewController.swift in Sources */ = {isa = PBXBuildFile; fileRef = EF508CA623059D4800A7000D /* CurrencyListViewController.swift */; };
		EFC94C142306DABB006D5191 /* AppDelegate.swift in Sources */ = {isa = PBXBuildFile; fileRef = EF508CA423059D4800A7000D /* AppDelegate.swift */; };
		EFC94C152306DABC006D5191 /* AppDelegate.swift in Sources */ = {isa = PBXBuildFile; fileRef = EF508CA423059D4800A7000D /* AppDelegate.swift */; };
		EFC94C17230A93D6006D5191 /* ReachabilityManager.swift in Sources */ = {isa = PBXBuildFile; fileRef = EFC94C16230A93D6006D5191 /* ReachabilityManager.swift */; };
		EFC94C18230A93D6006D5191 /* ReachabilityManager.swift in Sources */ = {isa = PBXBuildFile; fileRef = EFC94C16230A93D6006D5191 /* ReachabilityManager.swift */; };
		EFC94C19230A93D6006D5191 /* ReachabilityManager.swift in Sources */ = {isa = PBXBuildFile; fileRef = EFC94C16230A93D6006D5191 /* ReachabilityManager.swift */; };
/* End PBXBuildFile section */

/* Begin PBXContainerItemProxy section */
		EF508CB623059D4A00A7000D /* PBXContainerItemProxy */ = {
			isa = PBXContainerItemProxy;
			containerPortal = EF508C9923059D4800A7000D /* Project object */;
			proxyType = 1;
			remoteGlobalIDString = EF508CA023059D4800A7000D;
			remoteInfo = TetCurrencyExchange;
		};
		EF508CC123059D4A00A7000D /* PBXContainerItemProxy */ = {
			isa = PBXContainerItemProxy;
			containerPortal = EF508C9923059D4800A7000D /* Project object */;
			proxyType = 1;
			remoteGlobalIDString = EF508CA023059D4800A7000D;
			remoteInfo = TetCurrencyExchange;
		};
/* End PBXContainerItemProxy section */

/* Begin PBXFileReference section */
		EF508CA123059D4800A7000D /* Tet Currency.app */ = {isa = PBXFileReference; explicitFileType = wrapper.application; includeInIndex = 0; path = "Tet Currency.app"; sourceTree = BUILT_PRODUCTS_DIR; };
		EF508CA423059D4800A7000D /* AppDelegate.swift */ = {isa = PBXFileReference; lastKnownFileType = sourcecode.swift; path = AppDelegate.swift; sourceTree = "<group>"; };
		EF508CA623059D4800A7000D /* CurrencyListViewController.swift */ = {isa = PBXFileReference; lastKnownFileType = sourcecode.swift; path = CurrencyListViewController.swift; sourceTree = "<group>"; };
		EF508CA923059D4800A7000D /* Base */ = {isa = PBXFileReference; lastKnownFileType = file.storyboard; name = Base; path = Base.lproj/Main.storyboard; sourceTree = "<group>"; };
		EF508CAB23059D4A00A7000D /* Assets.xcassets */ = {isa = PBXFileReference; lastKnownFileType = folder.assetcatalog; path = Assets.xcassets; sourceTree = "<group>"; };
		EF508CAE23059D4A00A7000D /* Base */ = {isa = PBXFileReference; lastKnownFileType = file.storyboard; name = Base; path = Base.lproj/LaunchScreen.storyboard; sourceTree = "<group>"; };
		EF508CB023059D4A00A7000D /* Info.plist */ = {isa = PBXFileReference; lastKnownFileType = text.plist.xml; path = Info.plist; sourceTree = "<group>"; };
		EF508CB523059D4A00A7000D /* Tet CurrencyTests.xctest */ = {isa = PBXFileReference; explicitFileType = wrapper.cfbundle; includeInIndex = 0; path = "Tet CurrencyTests.xctest"; sourceTree = BUILT_PRODUCTS_DIR; };
		EF508CB923059D4A00A7000D /* TetCurrencyExchangeTests.swift */ = {isa = PBXFileReference; lastKnownFileType = sourcecode.swift; path = TetCurrencyExchangeTests.swift; sourceTree = "<group>"; };
		EF508CBB23059D4A00A7000D /* Info.plist */ = {isa = PBXFileReference; lastKnownFileType = text.plist.xml; path = Info.plist; sourceTree = "<group>"; };
		EF508CC023059D4A00A7000D /* Tet CurrencyUITests.xctest */ = {isa = PBXFileReference; explicitFileType = wrapper.cfbundle; includeInIndex = 0; path = "Tet CurrencyUITests.xctest"; sourceTree = BUILT_PRODUCTS_DIR; };
		EF508CC423059D4A00A7000D /* TetCurrencyExchangeUITests.swift */ = {isa = PBXFileReference; lastKnownFileType = sourcecode.swift; path = TetCurrencyExchangeUITests.swift; sourceTree = "<group>"; };
		EF508CC623059D4A00A7000D /* Info.plist */ = {isa = PBXFileReference; lastKnownFileType = text.plist.xml; path = Info.plist; sourceTree = "<group>"; };
		EF508CD52305A0F100A7000D /* CurrencyListViewPresenter.swift */ = {isa = PBXFileReference; lastKnownFileType = sourcecode.swift; path = CurrencyListViewPresenter.swift; sourceTree = "<group>"; };
		EF508CD92305A64700A7000D /* CurrencyListInteractor.swift */ = {isa = PBXFileReference; lastKnownFileType = sourcecode.swift; path = CurrencyListInteractor.swift; sourceTree = "<group>"; };
		EF508CDB2305EC6E00A7000D /* CurrencyRatesEntity.swift */ = {isa = PBXFileReference; lastKnownFileType = sourcecode.swift; path = CurrencyRatesEntity.swift; sourceTree = "<group>"; };
		EF508CE12305F0B700A7000D /* CurrencyRatesEntityTest.swift */ = {isa = PBXFileReference; lastKnownFileType = sourcecode.swift; path = CurrencyRatesEntityTest.swift; sourceTree = "<group>"; };
		EF508CE32305F40100A7000D /* NetworkManager.swift */ = {isa = PBXFileReference; lastKnownFileType = sourcecode.swift; path = NetworkManager.swift; sourceTree = "<group>"; };
		EF508CE52306011F00A7000D /* ErrorEntity.swift */ = {isa = PBXFileReference; lastKnownFileType = sourcecode.swift; path = ErrorEntity.swift; sourceTree = "<group>"; };
		EF508CE723060DAD00A7000D /* ErrorEntityTest.swift */ = {isa = PBXFileReference; lastKnownFileType = sourcecode.swift; path = ErrorEntityTest.swift; sourceTree = "<group>"; };
		EF508CE923060FBB00A7000D /* NetworkManagerTest.swift */ = {isa = PBXFileReference; lastKnownFileType = sourcecode.swift; path = NetworkManagerTest.swift; sourceTree = "<group>"; };
		EF508CEC2306115700A7000D /* FakeJson.json */ = {isa = PBXFileReference; fileEncoding = 4; lastKnownFileType = text.json; path = FakeJson.json; sourceTree = "<group>"; };
		EF508CED2306115700A7000D /* FakeInvalidJson.json */ = {isa = PBXFileReference; fileEncoding = 4; lastKnownFileType = text.json; path = FakeInvalidJson.json; sourceTree = "<group>"; };
		EF5F8FA5230B3C8600AA913E /* CurrencyListInteractorTest.swift */ = {isa = PBXFileReference; lastKnownFileType = sourcecode.swift; path = CurrencyListInteractorTest.swift; sourceTree = "<group>"; };
		EF5F8FA7230BBAA700AA913E /* OfflineDataManager.swift */ = {isa = PBXFileReference; lastKnownFileType = sourcecode.swift; path = OfflineDataManager.swift; sourceTree = "<group>"; };
		EF5F8FAF230C7EBE00AA913E /* CurrencyListPresenterTests.swift */ = {isa = PBXFileReference; lastKnownFileType = sourcecode.swift; path = CurrencyListPresenterTests.swift; sourceTree = "<group>"; };
		EF5F8FB3230C956E00AA913E /* ErrorExtension.swift */ = {isa = PBXFileReference; lastKnownFileType = sourcecode.swift; path = ErrorExtension.swift; sourceTree = "<group>"; };
		EF5F8FB8230C9B8300AA913E /* CurrencyListTableViewCell.swift */ = {isa = PBXFileReference; lastKnownFileType = sourcecode.swift; path = CurrencyListTableViewCell.swift; sourceTree = "<group>"; };
		EF5F8FB9230C9B8300AA913E /* CurrencyListTableViewCell.xib */ = {isa = PBXFileReference; lastKnownFileType = file.xib; path = CurrencyListTableViewCell.xib; sourceTree = "<group>"; };
		EF5F8FC2230D0FCB00AA913E /* UIApplicationExtension.swift */ = {isa = PBXFileReference; lastKnownFileType = sourcecode.swift; path = UIApplicationExtension.swift; sourceTree = "<group>"; };
		EF5F8FC6230D10BF00AA913E /* UIColor+TetColours.swift */ = {isa = PBXFileReference; lastKnownFileType = sourcecode.swift; path = "UIColor+TetColours.swift"; sourceTree = "<group>"; };
		EF6636CC230DA407002D60C6 /* CellBackgroundView.swift */ = {isa = PBXFileReference; lastKnownFileType = sourcecode.swift; path = CellBackgroundView.swift; sourceTree = "<group>"; };
		EFC94C16230A93D6006D5191 /* ReachabilityManager.swift */ = {isa = PBXFileReference; lastKnownFileType = sourcecode.swift; path = ReachabilityManager.swift; sourceTree = "<group>"; };
/* End PBXFileReference section */

/* Begin PBXFrameworksBuildPhase section */
		EF508C9E23059D4800A7000D /* Frameworks */ = {
			isa = PBXFrameworksBuildPhase;
			buildActionMask = 2147483647;
			files = (
			);
			runOnlyForDeploymentPostprocessing = 0;
		};
		EF508CB223059D4A00A7000D /* Frameworks */ = {
			isa = PBXFrameworksBuildPhase;
			buildActionMask = 2147483647;
			files = (
			);
			runOnlyForDeploymentPostprocessing = 0;
		};
		EF508CBD23059D4A00A7000D /* Frameworks */ = {
			isa = PBXFrameworksBuildPhase;
			buildActionMask = 2147483647;
			files = (
			);
			runOnlyForDeploymentPostprocessing = 0;
		};
/* End PBXFrameworksBuildPhase section */

/* Begin PBXGroup section */
		EF508C9823059D4800A7000D = {
			isa = PBXGroup;
			children = (
				EF508CA323059D4800A7000D /* TetCurrencyExchange */,
				EF508CB823059D4A00A7000D /* TetCurrencyExchangeTests */,
				EF508CC323059D4A00A7000D /* TetCurrencyExchangeUITests */,
				EF508CA223059D4800A7000D /* Products */,
			);
			sourceTree = "<group>";
		};
		EF508CA223059D4800A7000D /* Products */ = {
			isa = PBXGroup;
			children = (
				EF508CA123059D4800A7000D /* Tet Currency.app */,
				EF508CB523059D4A00A7000D /* Tet CurrencyTests.xctest */,
				EF508CC023059D4A00A7000D /* Tet CurrencyUITests.xctest */,
			);
			name = Products;
			sourceTree = "<group>";
		};
		EF508CA323059D4800A7000D /* TetCurrencyExchange */ = {
			isa = PBXGroup;
			children = (
				EF508CA423059D4800A7000D /* AppDelegate.swift */,
				EF5F8FB2230C953700AA913E /* Extensions */,
				EF508CD223059FB700A7000D /* Views-Presenters */,
				EF508CD82305A60A00A7000D /* Interactors */,
				EF508CDD2305EC7700A7000D /* Entities */,
				EF508CD323059FDA00A7000D /* Managers */,
				EF508CA823059D4800A7000D /* Main.storyboard */,
				EF508CAB23059D4A00A7000D /* Assets.xcassets */,
				EF508CAD23059D4A00A7000D /* LaunchScreen.storyboard */,
				EF508CB023059D4A00A7000D /* Info.plist */,
			);
			path = TetCurrencyExchange;
			sourceTree = "<group>";
		};
		EF508CB823059D4A00A7000D /* TetCurrencyExchangeTests */ = {
			isa = PBXGroup;
			children = (
				EF508CB923059D4A00A7000D /* TetCurrencyExchangeTests.swift */,
				EF5F8FB1230C7EC400AA913E /* PresenterTests */,
				EF5F8FA4230B3B9C00AA913E /* InteractorsTests */,
				EF508CEB23060FC700A7000D /* ManagerTests */,
				EF508CE02305F03000A7000D /* EntityTests */,
				EF508CBB23059D4A00A7000D /* Info.plist */,
			);
			path = TetCurrencyExchangeTests;
			sourceTree = "<group>";
		};
		EF508CC323059D4A00A7000D /* TetCurrencyExchangeUITests */ = {
			isa = PBXGroup;
			children = (
				EF508CC423059D4A00A7000D /* TetCurrencyExchangeUITests.swift */,
				EF508CC623059D4A00A7000D /* Info.plist */,
			);
			path = TetCurrencyExchangeUITests;
			sourceTree = "<group>";
		};
		EF508CD223059FB700A7000D /* Views-Presenters */ = {
			isa = PBXGroup;
			children = (
				EF508CD72305A5ED00A7000D /* UIComponents */,
				EF508CD423059FEB00A7000D /* CurrencyListView */,
			);
			path = "Views-Presenters";
			sourceTree = "<group>";
		};
		EF508CD323059FDA00A7000D /* Managers */ = {
			isa = PBXGroup;
			children = (
				EF508CE32305F40100A7000D /* NetworkManager.swift */,
				EFC94C16230A93D6006D5191 /* ReachabilityManager.swift */,
				EF5F8FA7230BBAA700AA913E /* OfflineDataManager.swift */,
			);
			path = Managers;
			sourceTree = "<group>";
		};
		EF508CD423059FEB00A7000D /* CurrencyListView */ = {
			isa = PBXGroup;
			children = (
				EF508CA623059D4800A7000D /* CurrencyListViewController.swift */,
				EF508CD52305A0F100A7000D /* CurrencyListViewPresenter.swift */,
			);
			path = CurrencyListView;
			sourceTree = "<group>";
		};
		EF508CD72305A5ED00A7000D /* UIComponents */ = {
			isa = PBXGroup;
			children = (
				EF5F8FB7230C9B4100AA913E /* CurrencyListComponents */,
			);
			path = UIComponents;
			sourceTree = "<group>";
		};
		EF508CD82305A60A00A7000D /* Interactors */ = {
			isa = PBXGroup;
			children = (
				EF508CD92305A64700A7000D /* CurrencyListInteractor.swift */,
			);
			path = Interactors;
			sourceTree = "<group>";
		};
		EF508CDD2305EC7700A7000D /* Entities */ = {
			isa = PBXGroup;
			children = (
				EF508CDB2305EC6E00A7000D /* CurrencyRatesEntity.swift */,
				EF508CE52306011F00A7000D /* ErrorEntity.swift */,
			);
			path = Entities;
			sourceTree = "<group>";
		};
		EF508CE02305F03000A7000D /* EntityTests */ = {
			isa = PBXGroup;
			children = (
				EF508CE12305F0B700A7000D /* CurrencyRatesEntityTest.swift */,
				EF508CE723060DAD00A7000D /* ErrorEntityTest.swift */,
			);
			path = EntityTests;
			sourceTree = "<group>";
		};
		EF508CEB23060FC700A7000D /* ManagerTests */ = {
			isa = PBXGroup;
			children = (
				EF508CE923060FBB00A7000D /* NetworkManagerTest.swift */,
				EF508CED2306115700A7000D /* FakeInvalidJson.json */,
				EF508CEC2306115700A7000D /* FakeJson.json */,
			);
			path = ManagerTests;
			sourceTree = "<group>";
		};
		EF5F8FA4230B3B9C00AA913E /* InteractorsTests */ = {
			isa = PBXGroup;
			children = (
				EF5F8FA5230B3C8600AA913E /* CurrencyListInteractorTest.swift */,
			);
			path = InteractorsTests;
			sourceTree = "<group>";
		};
		EF5F8FB1230C7EC400AA913E /* PresenterTests */ = {
			isa = PBXGroup;
			children = (
				EF5F8FAF230C7EBE00AA913E /* CurrencyListPresenterTests.swift */,
			);
			path = PresenterTests;
			sourceTree = "<group>";
		};
		EF5F8FB2230C953700AA913E /* Extensions */ = {
			isa = PBXGroup;
			children = (
				EF5F8FB3230C956E00AA913E /* ErrorExtension.swift */,
				EF5F8FC2230D0FCB00AA913E /* UIApplicationExtension.swift */,
				EF5F8FC6230D10BF00AA913E /* UIColor+TetColours.swift */,
			);
			path = Extensions;
			sourceTree = "<group>";
		};
		EF5F8FB7230C9B4100AA913E /* CurrencyListComponents */ = {
			isa = PBXGroup;
			children = (
				EF5F8FB8230C9B8300AA913E /* CurrencyListTableViewCell.swift */,
				EF6636CC230DA407002D60C6 /* CellBackgroundView.swift */,
				EF5F8FB9230C9B8300AA913E /* CurrencyListTableViewCell.xib */,
			);
			path = CurrencyListComponents;
			sourceTree = "<group>";
		};
/* End PBXGroup section */

/* Begin PBXNativeTarget section */
		EF508CA023059D4800A7000D /* Tet Currency */ = {
			isa = PBXNativeTarget;
			buildConfigurationList = EF508CC923059D4A00A7000D /* Build configuration list for PBXNativeTarget "Tet Currency" */;
			buildPhases = (
				EF508C9D23059D4800A7000D /* Sources */,
				EF508C9E23059D4800A7000D /* Frameworks */,
				EF508C9F23059D4800A7000D /* Resources */,
			);
			buildRules = (
			);
			dependencies = (
			);
			name = "Tet Currency";
			productName = TetCurrencyExchange;
			productReference = EF508CA123059D4800A7000D /* Tet Currency.app */;
			productType = "com.apple.product-type.application";
		};
		EF508CB423059D4A00A7000D /* Tet CurrencyTests */ = {
			isa = PBXNativeTarget;
			buildConfigurationList = EF508CCC23059D4A00A7000D /* Build configuration list for PBXNativeTarget "Tet CurrencyTests" */;
			buildPhases = (
				EF508CB123059D4A00A7000D /* Sources */,
				EF508CB223059D4A00A7000D /* Frameworks */,
				EF508CB323059D4A00A7000D /* Resources */,
			);
			buildRules = (
			);
			dependencies = (
				EF508CB723059D4A00A7000D /* PBXTargetDependency */,
			);
			name = "Tet CurrencyTests";
			productName = TetCurrencyExchangeTests;
			productReference = EF508CB523059D4A00A7000D /* Tet CurrencyTests.xctest */;
			productType = "com.apple.product-type.bundle.unit-test";
		};
		EF508CBF23059D4A00A7000D /* Tet CurrencyUITests */ = {
			isa = PBXNativeTarget;
			buildConfigurationList = EF508CCF23059D4A00A7000D /* Build configuration list for PBXNativeTarget "Tet CurrencyUITests" */;
			buildPhases = (
				EF508CBC23059D4A00A7000D /* Sources */,
				EF508CBD23059D4A00A7000D /* Frameworks */,
				EF508CBE23059D4A00A7000D /* Resources */,
			);
			buildRules = (
			);
			dependencies = (
				EF508CC223059D4A00A7000D /* PBXTargetDependency */,
			);
			name = "Tet CurrencyUITests";
			productName = TetCurrencyExchangeUITests;
			productReference = EF508CC023059D4A00A7000D /* Tet CurrencyUITests.xctest */;
			productType = "com.apple.product-type.bundle.ui-testing";
		};
/* End PBXNativeTarget section */

/* Begin PBXProject section */
		EF508C9923059D4800A7000D /* Project object */ = {
			isa = PBXProject;
			attributes = {
				LastSwiftUpdateCheck = 1030;
				LastUpgradeCheck = 1030;
				ORGANIZATIONNAME = armandsberzinsdev;
				TargetAttributes = {
					EF508CA023059D4800A7000D = {
						CreatedOnToolsVersion = 10.3;
					};
					EF508CB423059D4A00A7000D = {
						CreatedOnToolsVersion = 10.3;
						TestTargetID = EF508CA023059D4800A7000D;
					};
					EF508CBF23059D4A00A7000D = {
						CreatedOnToolsVersion = 10.3;
					};
				};
			};
			buildConfigurationList = EF508C9C23059D4800A7000D /* Build configuration list for PBXProject "Tet Currency" */;
			compatibilityVersion = "Xcode 9.3";
			developmentRegion = en;
			hasScannedForEncodings = 0;
			knownRegions = (
				en,
				Base,
			);
			mainGroup = EF508C9823059D4800A7000D;
			productRefGroup = EF508CA223059D4800A7000D /* Products */;
			projectDirPath = "";
			projectRoot = "";
			targets = (
				EF508CA023059D4800A7000D /* Tet Currency */,
				EF508CB423059D4A00A7000D /* Tet CurrencyTests */,
				EF508CBF23059D4A00A7000D /* Tet CurrencyUITests */,
			);
		};
/* End PBXProject section */

/* Begin PBXResourcesBuildPhase section */
		EF508C9F23059D4800A7000D /* Resources */ = {
			isa = PBXResourcesBuildPhase;
			buildActionMask = 2147483647;
			files = (
				EF5F8FBD230C9B8300AA913E /* CurrencyListTableViewCell.xib in Resources */,
				EF508CAF23059D4A00A7000D /* LaunchScreen.storyboard in Resources */,
				EF508CAC23059D4A00A7000D /* Assets.xcassets in Resources */,
				EF508CAA23059D4800A7000D /* Main.storyboard in Resources */,
			);
			runOnlyForDeploymentPostprocessing = 0;
		};
		EF508CB323059D4A00A7000D /* Resources */ = {
			isa = PBXResourcesBuildPhase;
			buildActionMask = 2147483647;
			files = (
				EF5F8FC0230CA09F00AA913E /* CurrencyListTableViewCell.xib in Resources */,
				EF508CEF2306115700A7000D /* FakeInvalidJson.json in Resources */,
				EF508CEE2306115700A7000D /* FakeJson.json in Resources */,
			);
			runOnlyForDeploymentPostprocessing = 0;
		};
		EF508CBE23059D4A00A7000D /* Resources */ = {
			isa = PBXResourcesBuildPhase;
			buildActionMask = 2147483647;
			files = (
				EF5F8FC1230CA09F00AA913E /* CurrencyListTableViewCell.xib in Resources */,
			);
			runOnlyForDeploymentPostprocessing = 0;
		};
/* End PBXResourcesBuildPhase section */

/* Begin PBXSourcesBuildPhase section */
		EF508C9D23059D4800A7000D /* Sources */ = {
			isa = PBXSourcesBuildPhase;
			buildActionMask = 2147483647;
			files = (
				EFC94C17230A93D6006D5191 /* ReachabilityManager.swift in Sources */,
				EF508CE62306011F00A7000D /* ErrorEntity.swift in Sources */,
				EF508CE42305F40100A7000D /* NetworkManager.swift in Sources */,
				EF5F8FA8230BBAA700AA913E /* OfflineDataManager.swift in Sources */,
				EF508CA723059D4800A7000D /* CurrencyListViewController.swift in Sources */,
				EF508CDA2305A64700A7000D /* CurrencyListInteractor.swift in Sources */,
				EF6636CD230DA407002D60C6 /* CellBackgroundView.swift in Sources */,
				EF5F8FC3230D0FCC00AA913E /* UIApplicationExtension.swift in Sources */,
				EF5F8FB4230C956E00AA913E /* ErrorExtension.swift in Sources */,
				EF5F8FBA230C9B8300AA913E /* CurrencyListTableViewCell.swift in Sources */,
				EF5F8FC7230D10BF00AA913E /* UIColor+TetColours.swift in Sources */,
				EF508CA523059D4800A7000D /* AppDelegate.swift in Sources */,
				EF508CD62305A0F100A7000D /* CurrencyListViewPresenter.swift in Sources */,
				EF508CDC2305EC6E00A7000D /* CurrencyRatesEntity.swift in Sources */,
			);
			runOnlyForDeploymentPostprocessing = 0;
		};
		EF508CB123059D4A00A7000D /* Sources */ = {
			isa = PBXSourcesBuildPhase;
			buildActionMask = 2147483647;
			files = (
				EFC94C142306DABB006D5191 /* AppDelegate.swift in Sources */,
				EF5F8FC8230D10BF00AA913E /* UIColor+TetColours.swift in Sources */,
				EF6636CE230DA407002D60C6 /* CellBackgroundView.swift in Sources */,
				EFC94C122306DAB6006D5191 /* CurrencyListViewController.swift in Sources */,
				EF5F8FBB230C9B8300AA913E /* CurrencyListTableViewCell.swift in Sources */,
				EFC94C102306DAB2006D5191 /* CurrencyListViewPresenter.swift in Sources */,
				EF508CEA23060FBB00A7000D /* NetworkManagerTest.swift in Sources */,
				EFC94C18230A93D6006D5191 /* ReachabilityManager.swift in Sources */,
				EF5F8FC4230D0FCC00AA913E /* UIApplicationExtension.swift in Sources */,
				EF5F8FA6230B3C8600AA913E /* CurrencyListInteractorTest.swift in Sources */,
				EF5F8FB5230C956E00AA913E /* ErrorExtension.swift in Sources */,
				EFC94C0E2306DAAE006D5191 /* CurrencyListInteractor.swift in Sources */,
				EF508CE823060DAD00A7000D /* ErrorEntityTest.swift in Sources */,
				EFC94C082306DAA0006D5191 /* NetworkManager.swift in Sources */,
				EF5F8FB0230C7EBE00AA913E /* CurrencyListPresenterTests.swift in Sources */,
				EF508CBA23059D4A00A7000D /* TetCurrencyExchangeTests.swift in Sources */,
				EF508CE22305F0B700A7000D /* CurrencyRatesEntityTest.swift in Sources */,
				EFC94C0C2306DAAA006D5191 /* CurrencyRatesEntity.swift in Sources */,
				EFC94C0A2306DAA7006D5191 /* ErrorEntity.swift in Sources */,
				EF5F8FA9230BBAA700AA913E /* OfflineDataManager.swift in Sources */,
			);
			runOnlyForDeploymentPostprocessing = 0;
		};
		EF508CBC23059D4A00A7000D /* Sources */ = {
			isa = PBXSourcesBuildPhase;
			buildActionMask = 2147483647;
			files = (
				EFC94C152306DABC006D5191 /* AppDelegate.swift in Sources */,
				EFC94C112306DAB3006D5191 /* CurrencyListViewPresenter.swift in Sources */,
				EF6636CF230DA407002D60C6 /* CellBackgroundView.swift in Sources */,
				EFC94C132306DAB6006D5191 /* CurrencyListViewController.swift in Sources */,
				EFC94C092306DAA1006D5191 /* NetworkManager.swift in Sources */,
				EF5F8FBC230C9B8300AA913E /* CurrencyListTableViewCell.swift in Sources */,
				EFC94C19230A93D6006D5191 /* ReachabilityManager.swift in Sources */,
				EFC94C0F2306DAAF006D5191 /* CurrencyListInteractor.swift in Sources */,
				EF5F8FC9230D10BF00AA913E /* UIColor+TetColours.swift in Sources */,
				EF508CC523059D4A00A7000D /* TetCurrencyExchangeUITests.swift in Sources */,
				EFC94C0B2306DAA7006D5191 /* ErrorEntity.swift in Sources */,
				EF5F8FC5230D0FCC00AA913E /* UIApplicationExtension.swift in Sources */,
				EFC94C0D2306DAAB006D5191 /* CurrencyRatesEntity.swift in Sources */,
				EF5F8FAA230BBAA700AA913E /* OfflineDataManager.swift in Sources */,
				EF5F8FB6230C956E00AA913E /* ErrorExtension.swift in Sources */,
			);
			runOnlyForDeploymentPostprocessing = 0;
		};
/* End PBXSourcesBuildPhase section */

/* Begin PBXTargetDependency section */
		EF508CB723059D4A00A7000D /* PBXTargetDependency */ = {
			isa = PBXTargetDependency;
			target = EF508CA023059D4800A7000D /* Tet Currency */;
			targetProxy = EF508CB623059D4A00A7000D /* PBXContainerItemProxy */;
		};
		EF508CC223059D4A00A7000D /* PBXTargetDependency */ = {
			isa = PBXTargetDependency;
			target = EF508CA023059D4800A7000D /* Tet Currency */;
			targetProxy = EF508CC123059D4A00A7000D /* PBXContainerItemProxy */;
		};
/* End PBXTargetDependency section */

/* Begin PBXVariantGroup section */
		EF508CA823059D4800A7000D /* Main.storyboard */ = {
			isa = PBXVariantGroup;
			children = (
				EF508CA923059D4800A7000D /* Base */,
			);
			name = Main.storyboard;
			sourceTree = "<group>";
		};
		EF508CAD23059D4A00A7000D /* LaunchScreen.storyboard */ = {
			isa = PBXVariantGroup;
			children = (
				EF508CAE23059D4A00A7000D /* Base */,
			);
			name = LaunchScreen.storyboard;
			sourceTree = "<group>";
		};
/* End PBXVariantGroup section */

/* Begin XCBuildConfiguration section */
		EF508CC723059D4A00A7000D /* Debug */ = {
			isa = XCBuildConfiguration;
			buildSettings = {
				ALWAYS_SEARCH_USER_PATHS = NO;
				CLANG_ANALYZER_NONNULL = YES;
				CLANG_ANALYZER_NUMBER_OBJECT_CONVERSION = YES_AGGRESSIVE;
				CLANG_CXX_LANGUAGE_STANDARD = "gnu++14";
				CLANG_CXX_LIBRARY = "libc++";
				CLANG_ENABLE_MODULES = YES;
				CLANG_ENABLE_OBJC_ARC = YES;
				CLANG_ENABLE_OBJC_WEAK = YES;
				CLANG_WARN_BLOCK_CAPTURE_AUTORELEASING = YES;
				CLANG_WARN_BOOL_CONVERSION = YES;
				CLANG_WARN_COMMA = YES;
				CLANG_WARN_CONSTANT_CONVERSION = YES;
				CLANG_WARN_DEPRECATED_OBJC_IMPLEMENTATIONS = YES;
				CLANG_WARN_DIRECT_OBJC_ISA_USAGE = YES_ERROR;
				CLANG_WARN_DOCUMENTATION_COMMENTS = YES;
				CLANG_WARN_EMPTY_BODY = YES;
				CLANG_WARN_ENUM_CONVERSION = YES;
				CLANG_WARN_INFINITE_RECURSION = YES;
				CLANG_WARN_INT_CONVERSION = YES;
				CLANG_WARN_NON_LITERAL_NULL_CONVERSION = YES;
				CLANG_WARN_OBJC_IMPLICIT_RETAIN_SELF = YES;
				CLANG_WARN_OBJC_LITERAL_CONVERSION = YES;
				CLANG_WARN_OBJC_ROOT_CLASS = YES_ERROR;
				CLANG_WARN_RANGE_LOOP_ANALYSIS = YES;
				CLANG_WARN_STRICT_PROTOTYPES = YES;
				CLANG_WARN_SUSPICIOUS_MOVE = YES;
				CLANG_WARN_UNGUARDED_AVAILABILITY = YES_AGGRESSIVE;
				CLANG_WARN_UNREACHABLE_CODE = YES;
				CLANG_WARN__DUPLICATE_METHOD_MATCH = YES;
				CODE_SIGN_IDENTITY = "iPhone Developer";
				COPY_PHASE_STRIP = NO;
				DEBUG_INFORMATION_FORMAT = dwarf;
				ENABLE_STRICT_OBJC_MSGSEND = YES;
				ENABLE_TESTABILITY = YES;
				GCC_C_LANGUAGE_STANDARD = gnu11;
				GCC_DYNAMIC_NO_PIC = NO;
				GCC_NO_COMMON_BLOCKS = YES;
				GCC_OPTIMIZATION_LEVEL = 0;
				GCC_PREPROCESSOR_DEFINITIONS = (
					"DEBUG=1",
					"$(inherited)",
				);
				GCC_WARN_64_TO_32_BIT_CONVERSION = YES;
				GCC_WARN_ABOUT_RETURN_TYPE = YES_ERROR;
				GCC_WARN_UNDECLARED_SELECTOR = YES;
				GCC_WARN_UNINITIALIZED_AUTOS = YES_AGGRESSIVE;
				GCC_WARN_UNUSED_FUNCTION = YES;
				GCC_WARN_UNUSED_VARIABLE = YES;
				IPHONEOS_DEPLOYMENT_TARGET = 12.4;
				MTL_ENABLE_DEBUG_INFO = INCLUDE_SOURCE;
				MTL_FAST_MATH = YES;
				ONLY_ACTIVE_ARCH = YES;
				SDKROOT = iphoneos;
				SWIFT_ACTIVE_COMPILATION_CONDITIONS = DEBUG;
				SWIFT_OPTIMIZATION_LEVEL = "-Onone";
			};
			name = Debug;
		};
		EF508CC823059D4A00A7000D /* Release */ = {
			isa = XCBuildConfiguration;
			buildSettings = {
				ALWAYS_SEARCH_USER_PATHS = NO;
				CLANG_ANALYZER_NONNULL = YES;
				CLANG_ANALYZER_NUMBER_OBJECT_CONVERSION = YES_AGGRESSIVE;
				CLANG_CXX_LANGUAGE_STANDARD = "gnu++14";
				CLANG_CXX_LIBRARY = "libc++";
				CLANG_ENABLE_MODULES = YES;
				CLANG_ENABLE_OBJC_ARC = YES;
				CLANG_ENABLE_OBJC_WEAK = YES;
				CLANG_WARN_BLOCK_CAPTURE_AUTORELEASING = YES;
				CLANG_WARN_BOOL_CONVERSION = YES;
				CLANG_WARN_COMMA = YES;
				CLANG_WARN_CONSTANT_CONVERSION = YES;
				CLANG_WARN_DEPRECATED_OBJC_IMPLEMENTATIONS = YES;
				CLANG_WARN_DIRECT_OBJC_ISA_USAGE = YES_ERROR;
				CLANG_WARN_DOCUMENTATION_COMMENTS = YES;
				CLANG_WARN_EMPTY_BODY = YES;
				CLANG_WARN_ENUM_CONVERSION = YES;
				CLANG_WARN_INFINITE_RECURSION = YES;
				CLANG_WARN_INT_CONVERSION = YES;
				CLANG_WARN_NON_LITERAL_NULL_CONVERSION = YES;
				CLANG_WARN_OBJC_IMPLICIT_RETAIN_SELF = YES;
				CLANG_WARN_OBJC_LITERAL_CONVERSION = YES;
				CLANG_WARN_OBJC_ROOT_CLASS = YES_ERROR;
				CLANG_WARN_RANGE_LOOP_ANALYSIS = YES;
				CLANG_WARN_STRICT_PROTOTYPES = YES;
				CLANG_WARN_SUSPICIOUS_MOVE = YES;
				CLANG_WARN_UNGUARDED_AVAILABILITY = YES_AGGRESSIVE;
				CLANG_WARN_UNREACHABLE_CODE = YES;
				CLANG_WARN__DUPLICATE_METHOD_MATCH = YES;
				CODE_SIGN_IDENTITY = "iPhone Developer";
				COPY_PHASE_STRIP = NO;
				DEBUG_INFORMATION_FORMAT = "dwarf-with-dsym";
				ENABLE_NS_ASSERTIONS = NO;
				ENABLE_STRICT_OBJC_MSGSEND = YES;
				GCC_C_LANGUAGE_STANDARD = gnu11;
				GCC_NO_COMMON_BLOCKS = YES;
				GCC_WARN_64_TO_32_BIT_CONVERSION = YES;
				GCC_WARN_ABOUT_RETURN_TYPE = YES_ERROR;
				GCC_WARN_UNDECLARED_SELECTOR = YES;
				GCC_WARN_UNINITIALIZED_AUTOS = YES_AGGRESSIVE;
				GCC_WARN_UNUSED_FUNCTION = YES;
				GCC_WARN_UNUSED_VARIABLE = YES;
				IPHONEOS_DEPLOYMENT_TARGET = 12.4;
				MTL_ENABLE_DEBUG_INFO = NO;
				MTL_FAST_MATH = YES;
				SDKROOT = iphoneos;
				SWIFT_COMPILATION_MODE = wholemodule;
				SWIFT_OPTIMIZATION_LEVEL = "-O";
				VALIDATE_PRODUCT = YES;
			};
			name = Release;
		};
		EF508CCA23059D4A00A7000D /* Debug */ = {
			isa = XCBuildConfiguration;
			buildSettings = {
				ASSETCATALOG_COMPILER_APPICON_NAME = AppIcon;
				CODE_SIGN_STYLE = Automatic;
				DEVELOPMENT_TEAM = H9557RVYS7;
				INFOPLIST_FILE = TetCurrencyExchange/Info.plist;
				LD_RUNPATH_SEARCH_PATHS = (
					"$(inherited)",
					"@executable_path/Frameworks",
				);
				PRODUCT_BUNDLE_IDENTIFIER = armandsberzinsdev.TetCurrencyExchange;
				PRODUCT_NAME = "$(TARGET_NAME)";
				SWIFT_VERSION = 5.0;
				TARGETED_DEVICE_FAMILY = "1,2";
			};
			name = Debug;
		};
		EF508CCB23059D4A00A7000D /* Release */ = {
			isa = XCBuildConfiguration;
			buildSettings = {
				ASSETCATALOG_COMPILER_APPICON_NAME = AppIcon;
				CODE_SIGN_STYLE = Automatic;
				DEVELOPMENT_TEAM = H9557RVYS7;
				INFOPLIST_FILE = TetCurrencyExchange/Info.plist;
				LD_RUNPATH_SEARCH_PATHS = (
					"$(inherited)",
					"@executable_path/Frameworks",
				);
				PRODUCT_BUNDLE_IDENTIFIER = armandsberzinsdev.TetCurrencyExchange;
				PRODUCT_NAME = "$(TARGET_NAME)";
				SWIFT_VERSION = 5.0;
				TARGETED_DEVICE_FAMILY = "1,2";
			};
			name = Release;
		};
		EF508CCD23059D4A00A7000D /* Debug */ = {
			isa = XCBuildConfiguration;
			buildSettings = {
				ALWAYS_EMBED_SWIFT_STANDARD_LIBRARIES = YES;
				BUNDLE_LOADER = "$(TEST_HOST)";
				CODE_SIGN_STYLE = Automatic;
				DEVELOPMENT_TEAM = H9557RVYS7;
				INFOPLIST_FILE = TetCurrencyExchangeTests/Info.plist;
				LD_RUNPATH_SEARCH_PATHS = (
					"$(inherited)",
					"@executable_path/Frameworks",
					"@loader_path/Frameworks",
				);
				PRODUCT_BUNDLE_IDENTIFIER = armandsberzinsdev.TetCurrencyExchangeTests;
				PRODUCT_NAME = "$(TARGET_NAME)";
				SWIFT_VERSION = 5.0;
				TARGETED_DEVICE_FAMILY = "1,2";
				TEST_HOST = "$(BUILT_PRODUCTS_DIR)/Tet Currency.app/Tet Currency";
			};
			name = Debug;
		};
		EF508CCE23059D4A00A7000D /* Release */ = {
			isa = XCBuildConfiguration;
			buildSettings = {
				ALWAYS_EMBED_SWIFT_STANDARD_LIBRARIES = YES;
				BUNDLE_LOADER = "$(TEST_HOST)";
				CODE_SIGN_STYLE = Automatic;
				DEVELOPMENT_TEAM = H9557RVYS7;
				INFOPLIST_FILE = TetCurrencyExchangeTests/Info.plist;
				LD_RUNPATH_SEARCH_PATHS = (
					"$(inherited)",
					"@executable_path/Frameworks",
					"@loader_path/Frameworks",
				);
				PRODUCT_BUNDLE_IDENTIFIER = armandsberzinsdev.TetCurrencyExchangeTests;
				PRODUCT_NAME = "$(TARGET_NAME)";
				SWIFT_VERSION = 5.0;
				TARGETED_DEVICE_FAMILY = "1,2";
				TEST_HOST = "$(BUILT_PRODUCTS_DIR)/Tet Currency.app/Tet Currency";
			};
			name = Release;
		};
		EF508CD023059D4A00A7000D /* Debug */ = {
			isa = XCBuildConfiguration;
			buildSettings = {
				ALWAYS_EMBED_SWIFT_STANDARD_LIBRARIES = YES;
				CODE_SIGN_STYLE = Automatic;
				DEVELOPMENT_TEAM = H9557RVYS7;
				INFOPLIST_FILE = TetCurrencyExchangeUITests/Info.plist;
				LD_RUNPATH_SEARCH_PATHS = (
					"$(inherited)",
					"@executable_path/Frameworks",
					"@loader_path/Frameworks",
				);
				PRODUCT_BUNDLE_IDENTIFIER = armandsberzinsdev.TetCurrencyExchangeUITests;
				PRODUCT_NAME = "$(TARGET_NAME)";
				PROVISIONING_PROFILE = "";
				SWIFT_VERSION = 5.0;
				TARGETED_DEVICE_FAMILY = "1,2";
			};
			name = Debug;
		};
		EF508CD123059D4A00A7000D /* Release */ = {
			isa = XCBuildConfiguration;
			buildSettings = {
				ALWAYS_EMBED_SWIFT_STANDARD_LIBRARIES = YES;
				CODE_SIGN_STYLE = Automatic;
				DEVELOPMENT_TEAM = H9557RVYS7;
				INFOPLIST_FILE = TetCurrencyExchangeUITests/Info.plist;
				LD_RUNPATH_SEARCH_PATHS = (
					"$(inherited)",
					"@executable_path/Frameworks",
					"@loader_path/Frameworks",
				);
				PRODUCT_BUNDLE_IDENTIFIER = armandsberzinsdev.TetCurrencyExchangeUITests;
				PRODUCT_NAME = "$(TARGET_NAME)";
				PROVISIONING_PROFILE = "";
				SWIFT_VERSION = 5.0;
				TARGETED_DEVICE_FAMILY = "1,2";
			};
			name = Release;
		};
/* End XCBuildConfiguration section */

/* Begin XCConfigurationList section */
		EF508C9C23059D4800A7000D /* Build configuration list for PBXProject "Tet Currency" */ = {
			isa = XCConfigurationList;
			buildConfigurations = (
				EF508CC723059D4A00A7000D /* Debug */,
				EF508CC823059D4A00A7000D /* Release */,
			);
			defaultConfigurationIsVisible = 0;
			defaultConfigurationName = Release;
		};
		EF508CC923059D4A00A7000D /* Build configuration list for PBXNativeTarget "Tet Currency" */ = {
			isa = XCConfigurationList;
			buildConfigurations = (
				EF508CCA23059D4A00A7000D /* Debug */,
				EF508CCB23059D4A00A7000D /* Release */,
			);
			defaultConfigurationIsVisible = 0;
			defaultConfigurationName = Release;
		};
		EF508CCC23059D4A00A7000D /* Build configuration list for PBXNativeTarget "Tet CurrencyTests" */ = {
			isa = XCConfigurationList;
			buildConfigurations = (
				EF508CCD23059D4A00A7000D /* Debug */,
				EF508CCE23059D4A00A7000D /* Release */,
			);
			defaultConfigurationIsVisible = 0;
			defaultConfigurationName = Release;
		};
		EF508CCF23059D4A00A7000D /* Build configuration list for PBXNativeTarget "Tet CurrencyUITests" */ = {
			isa = XCConfigurationList;
			buildConfigurations = (
				EF508CD023059D4A00A7000D /* Debug */,
				EF508CD123059D4A00A7000D /* Release */,
			);
			defaultConfigurationIsVisible = 0;
			defaultConfigurationName = Release;
		};
/* End XCConfigurationList section */
	};
	rootObject = EF508C9923059D4800A7000D /* Project object */;
}
